
Microsoft Visual Studio Solution File, Format Version 12.00
# Visual Studio 2013
VisualStudioVersion = 12.0.21005.1
MinimumVisualStudioVersion = 10.0.40219.1
Project("{8BC9CEB8-8B4A-11D0-8D11-00A0C91BC942}") = "Multiple exceptions", "Multiple exceptions\Multiple exceptions.vcxproj", "{09CB8A68-4BC1-434B-B883-576EC59DC26C}"
EndProject
Global
	GlobalSection(SolutionConfigurationPlatforms) = preSolution
		Debug|Win32 = Debug|Win32
		Release|Win32 = Release|Win32
	EndGlobalSection
	GlobalSection(ProjectConfigurationPlatforms) = postSolution
		{09CB8A68-4BC1-434B-B883-576EC59DC26C}.Debug|Win32.ActiveCfg = Debug|Win32
		{09CB8A68-4BC1-434B-B883-576EC59DC26C}.Debug|Win32.Build.0 = Debug|Win32
		{09CB8A68-4BC1-434B-B883-576EC59DC26C}.Release|Win32.ActiveCfg = Release|Win32
		{09CB8A68-4BC1-434B-B883-576EC59DC26C}.Release|Win32.Build.0 = Release|Win32
	EndGlobalSection
	GlobalSection(SolutionProperties) = preSolution
		HideSolutionNode = FALSE
	EndGlobalSection
EndGlobal
